PODS:
  - Alamofire (3.1.3)
  - HTMLReader (0.9.3)
  - JRSwizzle (1.0)
  - Reveal-iOS-SDK (1.6.2)

DEPENDENCIES:
  - Alamofire (from `https://github.com/Alamofire/Alamofire`)
  - HTMLReader
  - JRSwizzle
  - Reveal-iOS-SDK

EXTERNAL SOURCES:
  Alamofire:
    :git: https://github.com/Alamofire/Alamofire

CHECKOUT OPTIONS:
  Alamofire:
    :commit: 268a22bff9d660ecd1af260906aa2eb72d261894
    :git: https://github.com/Alamofire/Alamofire

SPEC CHECKSUMS:
  Alamofire: 9f93b56389e48def9220dd57d1f44b1927229a5a
  HTMLReader: 01de6ebb3b5f0f9dc4f6f165fdac0a15b3648167
  JRSwizzle: dd5ead5d913a0f29e7f558200165849f006bb1e3
  Reveal-iOS-SDK: e2250b3c155bcfac53ae223ddc1f76d08f206c33

COCOAPODS: 0.39.0
